// !$*UTF8*$!
{
	archiveVersion = 1;
	classes = {
	};
	objectVersion = 55;
	objects = {

/* Begin PBXBuildFile section */
		5D5A2060270FA63E00D4448F /* dduimApp.swift in Sources */ = {isa = PBXBuildFile; fileRef = 5D5A205F270FA63E00D4448F /* dduimApp.swift */; };
		5D5A2062270FA63E00D4448F /* ContentView.swift in Sources */ = {isa = PBXBuildFile; fileRef = 5D5A2061270FA63E00D4448F /* ContentView.swift */; };
		5D5A2064270FA64500D4448F /* Assets.xcassets in Resources */ = {isa = PBXBuildFile; fileRef = 5D5A2063270FA64500D4448F /* Assets.xcassets */; };
		5D5A2067270FA64500D4448F /* Preview Assets.xcassets in Resources */ = {isa = PBXBuildFile; fileRef = 5D5A2066270FA64500D4448F /* Preview Assets.xcassets */; };
		5D5A2071270FA64500D4448F /* dduimTests.swift in Sources */ = {isa = PBXBuildFile; fileRef = 5D5A2070270FA64500D4448F /* dduimTests.swift */; };
		5D5A207B270FA64600D4448F /* dduimUITests.swift in Sources */ = {isa = PBXBuildFile; fileRef = 5D5A207A270FA64600D4448F /* dduimUITests.swift */; };
		5D5A207D270FA64600D4448F /* dduimUITestsLaunchTests.swift in Sources */ = {isa = PBXBuildFile; fileRef = 5D5A207C270FA64600D4448F /* dduimUITestsLaunchTests.swift */; };
		5D5A208B270FA6F200D4448F /* MapView.swift in Sources */ = {isa = PBXBuildFile; fileRef = 5D5A2089270FA6F200D4448F /* MapView.swift */; };
		5D5A208C270FA6F200D4448F /* LocationManager.swift in Sources */ = {isa = PBXBuildFile; fileRef = 5D5A208A270FA6F200D4448F /* LocationManager.swift */; };
		5D5A20922712856C00D4448F /* UserDefaults.swift in Sources */ = {isa = PBXBuildFile; fileRef = 5D5A20912712856C00D4448F /* UserDefaults.swift */; };
		5D5A20942713C55200D4448F /* CLLocation.swift in Sources */ = {isa = PBXBuildFile; fileRef = 5D5A20932713C55100D4448F /* CLLocation.swift */; };
/* End PBXBuildFile section */

/* Begin PBXContainerItemProxy section */
		5D5A206D270FA64500D4448F /* PBXContainerItemProxy */ = {
			isa = PBXContainerItemProxy;
			containerPortal = 5D5A2054270FA63E00D4448F /* Project object */;
			proxyType = 1;
			remoteGlobalIDString = 5D5A205B270FA63E00D4448F;
			remoteInfo = dduim;
		};
		5D5A2077270FA64600D4448F /* PBXContainerItemProxy */ = {
			isa = PBXContainerItemProxy;
			containerPortal = 5D5A2054270FA63E00D4448F /* Project object */;
			proxyType = 1;
			remoteGlobalIDString = 5D5A205B270FA63E00D4448F;
			remoteInfo = dduim;
		};
/* End PBXContainerItemProxy section */

/* Begin PBXFileReference section */
		5D5A205C270FA63E00D4448F /* dduim.app */ = {isa = PBXFileReference; explicitFileType = wrapper.application; includeInIndex = 0; path = dduim.app; sourceTree = BUILT_PRODUCTS_DIR; };
		5D5A205F270FA63E00D4448F /* dduimApp.swift */ = {isa = PBXFileReference; lastKnownFileType = sourcecode.swift; path = dduimApp.swift; sourceTree = "<group>"; };
		5D5A2061270FA63E00D4448F /* ContentView.swift */ = {isa = PBXFileReference; lastKnownFileType = sourcecode.swift; path = ContentView.swift; sourceTree = "<group>"; };
		5D5A2063270FA64500D4448F /* Assets.xcassets */ = {isa = PBXFileReference; lastKnownFileType = folder.assetcatalog; path = Assets.xcassets; sourceTree = "<group>"; };
		5D5A2066270FA64500D4448F /* Preview Assets.xcassets */ = {isa = PBXFileReference; lastKnownFileType = folder.assetcatalog; path = "Preview Assets.xcassets"; sourceTree = "<group>"; };
		5D5A206C270FA64500D4448F /* dduimTests.xctest */ = {isa = PBXFileReference; explicitFileType = wrapper.cfbundle; includeInIndex = 0; path = dduimTests.xctest; sourceTree = BUILT_PRODUCTS_DIR; };
		5D5A2070270FA64500D4448F /* dduimTests.swift */ = {isa = PBXFileReference; lastKnownFileType = sourcecode.swift; path = dduimTests.swift; sourceTree = "<group>"; };
		5D5A2076270FA64600D4448F /* dduimUITests.xctest */ = {isa = PBXFileReference; explicitFileType = wrapper.cfbundle; includeInIndex = 0; path = dduimUITests.xctest; sourceTree = BUILT_PRODUCTS_DIR; };
		5D5A207A270FA64600D4448F /* dduimUITests.swift */ = {isa = PBXFileReference; lastKnownFileType = sourcecode.swift; path = dduimUITests.swift; sourceTree = "<group>"; };
		5D5A207C270FA64600D4448F /* dduimUITestsLaunchTests.swift */ = {isa = PBXFileReference; lastKnownFileType = sourcecode.swift; path = dduimUITestsLaunchTests.swift; sourceTree = "<group>"; };
		5D5A2089270FA6F200D4448F /* MapView.swift */ = {isa = PBXFileReference; fileEncoding = 4; lastKnownFileType = sourcecode.swift; path = MapView.swift; sourceTree = "<group>"; };
		5D5A208A270FA6F200D4448F /* LocationManager.swift */ = {isa = PBXFileReference; fileEncoding = 4; lastKnownFileType = sourcecode.swift; path = LocationManager.swift; sourceTree = "<group>"; };
		5D5A208D27108B3000D4448F /* Info.plist */ = {isa = PBXFileReference; lastKnownFileType = text.plist; path = Info.plist; sourceTree = "<group>"; };
		5D5A20912712856C00D4448F /* UserDefaults.swift */ = {isa = PBXFileReference; lastKnownFileType = sourcecode.swift; path = UserDefaults.swift; sourceTree = "<group>"; };
		5D5A20932713C55100D4448F /* CLLocation.swift */ = {isa = PBXFileReference; lastKnownFileType = sourcecode.swift; path = CLLocation.swift; sourceTree = "<group>"; };
/* End PBXFileReference section */

/* Begin PBXFrameworksBuildPhase section */
		5D5A2059270FA63E00D4448F /* Frameworks */ = {
			isa = PBXFrameworksBuildPhase;
			buildActionMask = 2147483647;
			files = (
			);
			runOnlyForDeploymentPostprocessing = 0;
		};
		5D5A2069270FA64500D4448F /* Frameworks */ = {
			isa = PBXFrameworksBuildPhase;
			buildActionMask = 2147483647;
			files = (
			);
			runOnlyForDeploymentPostprocessing = 0;
		};
		5D5A2073270FA64600D4448F /* Frameworks */ = {
			isa = PBXFrameworksBuildPhase;
			buildActionMask = 2147483647;
			files = (
			);
			runOnlyForDeploymentPostprocessing = 0;
		};
/* End PBXFrameworksBuildPhase section */

/* Begin PBXGroup section */
		5D5A2053270FA63E00D4448F = {
			isa = PBXGroup;
			children = (
				5D5A205E270FA63E00D4448F /* dduim */,
				5D5A206F270FA64500D4448F /* dduimTests */,
				5D5A2079270FA64600D4448F /* dduimUITests */,
				5D5A205D270FA63E00D4448F /* Products */,
			);
			sourceTree = "<group>";
		};
		5D5A205D270FA63E00D4448F /* Products */ = {
			isa = PBXGroup;
			children = (
				5D5A205C270FA63E00D4448F /* dduim.app */,
				5D5A206C270FA64500D4448F /* dduimTests.xctest */,
				5D5A2076270FA64600D4448F /* dduimUITests.xctest */,
			);
			name = Products;
			sourceTree = "<group>";
		};
		5D5A205E270FA63E00D4448F /* dduim */ = {
			isa = PBXGroup;
			children = (
				5D5A20902712854700D4448F /* extension */,
				5D5A208D27108B3000D4448F /* Info.plist */,
				5D5A208A270FA6F200D4448F /* LocationManager.swift */,
				5D5A2089270FA6F200D4448F /* MapView.swift */,
				5D5A205F270FA63E00D4448F /* dduimApp.swift */,
				5D5A2061270FA63E00D4448F /* ContentView.swift */,
				5D5A2063270FA64500D4448F /* Assets.xcassets */,
				5D5A2065270FA64500D4448F /* Preview Content */,
			);
			path = dduim;
			sourceTree = "<group>";
		};
		5D5A2065270FA64500D4448F /* Preview Content */ = {
			isa = PBXGroup;
			children = (
				5D5A2066270FA64500D4448F /* Preview Assets.xcassets */,
			);
			path = "Preview Content";
			sourceTree = "<group>";
		};
		5D5A206F270FA64500D4448F /* dduimTests */ = {
			isa = PBXGroup;
			children = (
				5D5A2070270FA64500D4448F /* dduimTests.swift */,
			);
			path = dduimTests;
			sourceTree = "<group>";
		};
		5D5A2079270FA64600D4448F /* dduimUITests */ = {
			isa = PBXGroup;
			children = (
				5D5A207A270FA64600D4448F /* dduimUITests.swift */,
				5D5A207C270FA64600D4448F /* dduimUITestsLaunchTests.swift */,
			);
			path = dduimUITests;
			sourceTree = "<group>";
		};
		5D5A20902712854700D4448F /* extension */ = {
			isa = PBXGroup;
			children = (
				5D5A20912712856C00D4448F /* UserDefaults.swift */,
				5D5A20932713C55100D4448F /* CLLocation.swift */,
			);
			path = extension;
			sourceTree = "<group>";
		};
/* End PBXGroup section */

/* Begin PBXNativeTarget section */
		5D5A205B270FA63E00D4448F /* dduim */ = {
			isa = PBXNativeTarget;
			buildConfigurationList = 5D5A2080270FA64600D4448F /* Build configuration list for PBXNativeTarget "dduim" */;
			buildPhases = (
				5D5A2058270FA63E00D4448F /* Sources */,
				5D5A2059270FA63E00D4448F /* Frameworks */,
				5D5A205A270FA63E00D4448F /* Resources */,
			);
			buildRules = (
			);
			dependencies = (
			);
			name = dduim;
			productName = dduim;
			productReference = 5D5A205C270FA63E00D4448F /* dduim.app */;
			productType = "com.apple.product-type.application";
		};
		5D5A206B270FA64500D4448F /* dduimTests */ = {
			isa = PBXNativeTarget;
			buildConfigurationList = 5D5A2083270FA64600D4448F /* Build configuration list for PBXNativeTarget "dduimTests" */;
			buildPhases = (
				5D5A2068270FA64500D4448F /* Sources */,
				5D5A2069270FA64500D4448F /* Frameworks */,
				5D5A206A270FA64500D4448F /* Resources */,
			);
			buildRules = (
			);
			dependencies = (
				5D5A206E270FA64500D4448F /* PBXTargetDependency */,
			);
			name = dduimTests;
			productName = dduimTests;
			productReference = 5D5A206C270FA64500D4448F /* dduimTests.xctest */;
			productType = "com.apple.product-type.bundle.unit-test";
		};
		5D5A2075270FA64600D4448F /* dduimUITests */ = {
			isa = PBXNativeTarget;
			buildConfigurationList = 5D5A2086270FA64600D4448F /* Build configuration list for PBXNativeTarget "dduimUITests" */;
			buildPhases = (
				5D5A2072270FA64600D4448F /* Sources */,
				5D5A2073270FA64600D4448F /* Frameworks */,
				5D5A2074270FA64600D4448F /* Resources */,
			);
			buildRules = (
			);
			dependencies = (
				5D5A2078270FA64600D4448F /* PBXTargetDependency */,
			);
			name = dduimUITests;
			productName = dduimUITests;
			productReference = 5D5A2076270FA64600D4448F /* dduimUITests.xctest */;
			productType = "com.apple.product-type.bundle.ui-testing";
		};
/* End PBXNativeTarget section */

/* Begin PBXProject section */
		5D5A2054270FA63E00D4448F /* Project object */ = {
			isa = PBXProject;
			attributes = {
				BuildIndependentTargetsInParallel = 1;
				LastSwiftUpdateCheck = 1300;
				LastUpgradeCheck = 1300;
				TargetAttributes = {
					5D5A205B270FA63E00D4448F = {
						CreatedOnToolsVersion = 13.0;
					};
					5D5A206B270FA64500D4448F = {
						CreatedOnToolsVersion = 13.0;
						TestTargetID = 5D5A205B270FA63E00D4448F;
					};
					5D5A2075270FA64600D4448F = {
						CreatedOnToolsVersion = 13.0;
						TestTargetID = 5D5A205B270FA63E00D4448F;
					};
				};
			};
			buildConfigurationList = 5D5A2057270FA63E00D4448F /* Build configuration list for PBXProject "dduim" */;
			compatibilityVersion = "Xcode 13.0";
			developmentRegion = en;
			hasScannedForEncodings = 0;
			knownRegions = (
				en,
				Base,
			);
			mainGroup = 5D5A2053270FA63E00D4448F;
			productRefGroup = 5D5A205D270FA63E00D4448F /* Products */;
			projectDirPath = "";
			projectRoot = "";
			targets = (
				5D5A205B270FA63E00D4448F /* dduim */,
				5D5A206B270FA64500D4448F /* dduimTests */,
				5D5A2075270FA64600D4448F /* dduimUITests */,
			);
		};
/* End PBXProject section */

/* Begin PBXResourcesBuildPhase section */
		5D5A205A270FA63E00D4448F /* Resources */ = {
			isa = PBXResourcesBuildPhase;
			buildActionMask = 2147483647;
			files = (
				5D5A2067270FA64500D4448F /* Preview Assets.xcassets in Resources */,
				5D5A2064270FA64500D4448F /* Assets.xcassets in Resources */,
			);
			runOnlyForDeploymentPostprocessing = 0;
		};
		5D5A206A270FA64500D4448F /* Resources */ = {
			isa = PBXResourcesBuildPhase;
			buildActionMask = 2147483647;
			files = (
			);
			runOnlyForDeploymentPostprocessing = 0;
		};
		5D5A2074270FA64600D4448F /* Resources */ = {
			isa = PBXResourcesBuildPhase;
			buildActionMask = 2147483647;
			files = (
			);
			runOnlyForDeploymentPostprocessing = 0;
		};
/* End PBXResourcesBuildPhase section */

/* Begin PBXSourcesBuildPhase section */
		5D5A2058270FA63E00D4448F /* Sources */ = {
			isa = PBXSourcesBuildPhase;
			buildActionMask = 2147483647;
			files = (
				5D5A208C270FA6F200D4448F /* LocationManager.swift in Sources */,
				5D5A20922712856C00D4448F /* UserDefaults.swift in Sources */,
				5D5A2062270FA63E00D4448F /* ContentView.swift in Sources */,
				5D5A208B270FA6F200D4448F /* MapView.swift in Sources */,
				5D5A2060270FA63E00D4448F /* dduimApp.swift in Sources */,
				5D5A20942713C55200D4448F /* CLLocation.swift in Sources */,
			);
			runOnlyForDeploymentPostprocessing = 0;
		};
		5D5A2068270FA64500D4448F /* Sources */ = {
			isa = PBXSourcesBuildPhase;
			buildActionMask = 2147483647;
			files = (
				5D5A2071270FA64500D4448F /* dduimTests.swift in Sources */,
			);
			runOnlyForDeploymentPostprocessing = 0;
		};
		5D5A2072270FA64600D4448F /* Sources */ = {
			isa = PBXSourcesBuildPhase;
			buildActionMask = 2147483647;
			files = (
				5D5A207D270FA64600D4448F /* dduimUITestsLaunchTests.swift in Sources */,
				5D5A207B270FA64600D4448F /* dduimUITests.swift in Sources */,
			);
			runOnlyForDeploymentPostprocessing = 0;
		};
/* End PBXSourcesBuildPhase section */

/* Begin PBXTargetDependency section */
		5D5A206E270FA64500D4448F /* PBXTargetDependency */ = {
			isa = PBXTargetDependency;
			target = 5D5A205B270FA63E00D4448F /* dduim */;
			targetProxy = 5D5A206D270FA64500D4448F /* PBXContainerItemProxy */;
		};
		5D5A2078270FA64600D4448F /* PBXTargetDependency */ = {
			isa = PBXTargetDependency;
			target = 5D5A205B270FA63E00D4448F /* dduim */;
			targetProxy = 5D5A2077270FA64600D4448F /* PBXContainerItemProxy */;
		};
/* End PBXTargetDependency section */

/* Begin XCBuildConfiguration section */
		5D5A207E270FA64600D4448F /* Debug */ = {
			isa = XCBuildConfiguration;
			buildSettings = {
				ALWAYS_SEARCH_USER_PATHS = NO;
				CLANG_ANALYZER_NONNULL = YES;
				CLANG_ANALYZER_NUMBER_OBJECT_CONVERSION = YES_AGGRESSIVE;
				CLANG_CXX_LANGUAGE_STANDARD = "gnu++17";
				CLANG_CXX_LIBRARY = "libc++";
				CLANG_ENABLE_MODULES = YES;
				CLANG_ENABLE_OBJC_ARC = YES;
				CLANG_ENABLE_OBJC_WEAK = YES;
				CLANG_WARN_BLOCK_CAPTURE_AUTORELEASING = YES;
				CLANG_WARN_BOOL_CONVERSION = YES;
				CLANG_WARN_COMMA = YES;
				CLANG_WARN_CONSTANT_CONVERSION = YES;
				CLANG_WARN_DEPRECATED_OBJC_IMPLEMENTATIONS = YES;
				CLANG_WARN_DIRECT_OBJC_ISA_USAGE = YES_ERROR;
				CLANG_WARN_DOCUMENTATION_COMMENTS = YES;
				CLANG_WARN_EMPTY_BODY = YES;
				CLANG_WARN_ENUM_CONVERSION = YES;
				CLANG_WARN_INFINITE_RECURSION = YES;
				CLANG_WARN_INT_CONVERSION = YES;
				CLANG_WARN_NON_LITERAL_NULL_CONVERSION = YES;
				CLANG_WARN_OBJC_IMPLICIT_RETAIN_SELF = YES;
				CLANG_WARN_OBJC_LITERAL_CONVERSION = YES;
				CLANG_WARN_OBJC_ROOT_CLASS = YES_ERROR;
				CLANG_WARN_QUOTED_INCLUDE_IN_FRAMEWORK_HEADER = YES;
				CLANG_WARN_RANGE_LOOP_ANALYSIS = YES;
				CLANG_WARN_STRICT_PROTOTYPES = YES;
				CLANG_WARN_SUSPICIOUS_MOVE = YES;
				CLANG_WARN_UNGUARDED_AVAILABILITY = YES_AGGRESSIVE;
				CLANG_WARN_UNREACHABLE_CODE = YES;
				CLANG_WARN__DUPLICATE_METHOD_MATCH = YES;
				COPY_PHASE_STRIP = NO;
				DEBUG_INFORMATION_FORMAT = dwarf;
				ENABLE_STRICT_OBJC_MSGSEND = YES;
				ENABLE_TESTABILITY = YES;
				GCC_C_LANGUAGE_STANDARD = gnu11;
				GCC_DYNAMIC_NO_PIC = NO;
				GCC_NO_COMMON_BLOCKS = YES;
				GCC_OPTIMIZATION_LEVEL = 0;
				GCC_PREPROCESSOR_DEFINITIONS = (
					"DEBUG=1",
					"$(inherited)",
				);
				GCC_WARN_64_TO_32_BIT_CONVERSION = YES;
				GCC_WARN_ABOUT_RETURN_TYPE = YES_ERROR;
				GCC_WARN_UNDECLARED_SELECTOR = YES;
				GCC_WARN_UNINITIALIZED_AUTOS = YES_AGGRESSIVE;
				GCC_WARN_UNUSED_FUNCTION = YES;
				GCC_WARN_UNUSED_VARIABLE = YES;
				IPHONEOS_DEPLOYMENT_TARGET = 15.0;
				MTL_ENABLE_DEBUG_INFO = INCLUDE_SOURCE;
				MTL_FAST_MATH = YES;
				ONLY_ACTIVE_ARCH = YES;
				SDKROOT = iphoneos;
				SWIFT_ACTIVE_COMPILATION_CONDITIONS = DEBUG;
				SWIFT_OPTIMIZATION_LEVEL = "-Onone";
			};
			name = Debug;
		};
		5D5A207F270FA64600D4448F /* Release */ = {
			isa = XCBuildConfiguration;
			buildSettings = {
				ALWAYS_SEARCH_USER_PATHS = NO;
				CLANG_ANALYZER_NONNULL = YES;
				CLANG_ANALYZER_NUMBER_OBJECT_CONVERSION = YES_AGGRESSIVE;
				CLANG_CXX_LANGUAGE_STANDARD = "gnu++17";
				CLANG_CXX_LIBRARY = "libc++";
				CLANG_ENABLE_MODULES = YES;
				CLANG_ENABLE_OBJC_ARC = YES;
				CLANG_ENABLE_OBJC_WEAK = YES;
				CLANG_WARN_BLOCK_CAPTURE_AUTORELEASING = YES;
				CLANG_WARN_BOOL_CONVERSION = YES;
				CLANG_WARN_COMMA = YES;
				CLANG_WARN_CONSTANT_CONVERSION = YES;
				CLANG_WARN_DEPRECATED_OBJC_IMPLEMENTATIONS = YES;
				CLANG_WARN_DIRECT_OBJC_ISA_USAGE = YES_ERROR;
				CLANG_WARN_DOCUMENTATION_COMMENTS = YES;
				CLANG_WARN_EMPTY_BODY = YES;
				CLANG_WARN_ENUM_CONVERSION = YES;
				CLANG_WARN_INFINITE_RECURSION = YES;
				CLANG_WARN_INT_CONVERSION = YES;
				CLANG_WARN_NON_LITERAL_NULL_CONVERSION = YES;
				CLANG_WARN_OBJC_IMPLICIT_RETAIN_SELF = YES;
				CLANG_WARN_OBJC_LITERAL_CONVERSION = YES;
				CLANG_WARN_OBJC_ROOT_CLASS = YES_ERROR;
				CLANG_WARN_QUOTED_INCLUDE_IN_FRAMEWORK_HEADER = YES;
				CLANG_WARN_RANGE_LOOP_ANALYSIS = YES;
				CLANG_WARN_STRICT_PROTOTYPES = YES;
				CLANG_WARN_SUSPICIOUS_MOVE = YES;
				CLANG_WARN_UNGUARDED_AVAILABILITY = YES_AGGRESSIVE;
				CLANG_WARN_UNREACHABLE_CODE = YES;
				CLANG_WARN__DUPLICATE_METHOD_MATCH = YES;
				COPY_PHASE_STRIP = NO;
				DEBUG_INFORMATION_FORMAT = "dwarf-with-dsym";
				ENABLE_NS_ASSERTIONS = NO;
				ENABLE_STRICT_OBJC_MSGSEND = YES;
				GCC_C_LANGUAGE_STANDARD = gnu11;
				GCC_NO_COMMON_BLOCKS = YES;
				GCC_WARN_64_TO_32_BIT_CONVERSION = YES;
				GCC_WARN_ABOUT_RETURN_TYPE = YES_ERROR;
				GCC_WARN_UNDECLARED_SELECTOR = YES;
				GCC_WARN_UNINITIALIZED_AUTOS = YES_AGGRESSIVE;
				GCC_WARN_UNUSED_FUNCTION = YES;
				GCC_WARN_UNUSED_VARIABLE = YES;
				IPHONEOS_DEPLOYMENT_TARGET = 15.0;
				MTL_ENABLE_DEBUG_INFO = NO;
				MTL_FAST_MATH = YES;
				SDKROOT = iphoneos;
				SWIFT_COMPILATION_MODE = wholemodule;
				SWIFT_OPTIMIZATION_LEVEL = "-O";
				VALIDATE_PRODUCT = YES;
			};
			name = Release;
		};
		5D5A2081270FA64600D4448F /* Debug */ = {
			isa = XCBuildConfiguration;
			buildSettings = {
				ASSETCATALOG_COMPILER_APPICON_NAME = AppIcon;
				ASSETCATALOG_COMPILER_GLOBAL_ACCENT_COLOR_NAME = AccentColor;
				CODE_SIGN_STYLE = Automatic;
				CURRENT_PROJECT_VERSION = 4;
				DEVELOPMENT_ASSET_PATHS = "\"dduim/Preview Content\"";
				DEVELOPMENT_TEAM = 8N7S6W33C4;
				ENABLE_PREVIEWS = YES;
				GENERATE_INFOPLIST_FILE = YES;
				INFOPLIST_FILE = dduim/Info.plist;
				INFOPLIST_KEY_LSApplicationCategoryType = "";
				INFOPLIST_KEY_NSLocationAlwaysAndWhenInUseUsageDescription = hahahah3;
				INFOPLIST_KEY_NSLocationWhenInUseUsageDescription = hahaha2;
				INFOPLIST_KEY_UIApplicationSceneManifest_Generation = YES;
				INFOPLIST_KEY_UIApplicationSupportsIndirectInputEvents = YES;
				INFOPLIST_KEY_UILaunchScreen_Generation = YES;
				INFOPLIST_KEY_UISupportedInterfaceOrientations_iPad = "UIInterfaceOrientationPortrait UIInterfaceOrientationPortraitUpsideDown UIInterfaceOrientationLandscapeLeft UIInterfaceOrientationLandscapeRight";
				INFOPLIST_KEY_UISupportedInterfaceOrientations_iPhone = "UIInterfaceOrientationPortrait UIInterfaceOrientationLandscapeLeft UIInterfaceOrientationLandscapeRight";
				IPHONEOS_DEPLOYMENT_TARGET = 14.0;
				LD_RUNPATH_SEARCH_PATHS = (
					"$(inherited)",
					"@executable_path/Frameworks",
				);
				MARKETING_VERSION = 1.0;
				PRODUCT_BUNDLE_IDENTIFIER = "com.which-villain.dduim";
				PRODUCT_NAME = "$(TARGET_NAME)";
				SWIFT_EMIT_LOC_STRINGS = YES;
				SWIFT_VERSION = 5.0;
				TARGETED_DEVICE_FAMILY = "1,2";
			};
			name = Debug;
		};
		5D5A2082270FA64600D4448F /* Release */ = {
			isa = XCBuildConfiguration;
			buildSettings = {
				ASSETCATALOG_COMPILER_APPICON_NAME = AppIcon;
				ASSETCATALOG_COMPILER_GLOBAL_ACCENT_COLOR_NAME = AccentColor;
				CODE_SIGN_STYLE = Automatic;
				CURRENT_PROJECT_VERSION = 4;
				DEVELOPMENT_ASSET_PATHS = "\"dduim/Preview Content\"";
				DEVELOPMENT_TEAM = 8N7S6W33C4;
				ENABLE_PREVIEWS = YES;
				GENERATE_INFOPLIST_FILE = YES;
				INFOPLIST_FILE = dduim/Info.plist;
				INFOPLIST_KEY_LSApplicationCategoryType = "";
				INFOPLIST_KEY_NSLocationAlwaysAndWhenInUseUsageDescription = hahahah3;
				INFOPLIST_KEY_NSLocationWhenInUseUsageDescription = hahaha2;
				INFOPLIST_KEY_UIApplicationSceneManifest_Generation = YES;
				INFOPLIST_KEY_UIApplicationSupportsIndirectInputEvents = YES;
				INFOPLIST_KEY_UILaunchScreen_Generation = YES;
				INFOPLIST_KEY_UISupportedInterfaceOrientations_iPad = "UIInterfaceOrientationPortrait UIInterfaceOrientationPortraitUpsideDown UIInterfaceOrientationLandscapeLeft UIInterfaceOrientationLandscapeRight";
				INFOPLIST_KEY_UISupportedInterfaceOrientations_iPhone = "UIInterfaceOrientationPortrait UIInterfaceOrientationLandscapeLeft UIInterfaceOrientationLandscapeRight";
				IPHONEOS_DEPLOYMENT_TARGET = 14.0;
				LD_RUNPATH_SEARCH_PATHS = (
					"$(inherited)",
					"@executable_path/Frameworks",
				);
				MARKETING_VERSION = 1.0;
				PRODUCT_BUNDLE_IDENTIFIER = "com.which-villain.dduim";
				PRODUCT_NAME = "$(TARGET_NAME)";
				SWIFT_EMIT_LOC_STRINGS = YES;
				SWIFT_VERSION = 5.0;
				TARGETED_DEVICE_FAMILY = "1,2";
			};
			name = Release;
		};
		5D5A2084270FA64600D4448F /* Debug */ = {
			isa = XCBuildConfiguration;
			buildSettings = {
				ALWAYS_EMBED_SWIFT_STANDARD_LIBRARIES = YES;
				BUNDLE_LOADER = "$(TEST_HOST)";
				CODE_SIGN_STYLE = Automatic;
				CURRENT_PROJECT_VERSION = 1;
				DEVELOPMENT_TEAM = 8N7S6W33C4;
				GENERATE_INFOPLIST_FILE = YES;
				IPHONEOS_DEPLOYMENT_TARGET = 14.0;
				LD_RUNPATH_SEARCH_PATHS = (
					"$(inherited)",
					"@executable_path/Frameworks",
					"@loader_path/Frameworks",
				);
				MARKETING_VERSION = 1.0;
				PRODUCT_BUNDLE_IDENTIFIER = "com.which-villain.dduimTests";
				PRODUCT_NAME = "$(TARGET_NAME)";
				SWIFT_EMIT_LOC_STRINGS = NO;
				SWIFT_VERSION = 5.0;
				TARGETED_DEVICE_FAMILY = "1,2";
				TEST_HOST = "$(BUILT_PRODUCTS_DIR)/dduim.app/dduim";
			};
			name = Debug;
		};
		5D5A2085270FA64600D4448F /* Release */ = {
			isa = XCBuildConfiguration;
			buildSettings = {
				ALWAYS_EMBED_SWIFT_STANDARD_LIBRARIES = YES;
				BUNDLE_LOADER = "$(TEST_HOST)";
				CODE_SIGN_STYLE = Automatic;
				CURRENT_PROJECT_VERSION = 1;
				DEVELOPMENT_TEAM = 8N7S6W33C4;
				GENERATE_INFOPLIST_FILE = YES;
				IPHONEOS_DEPLOYMENT_TARGET = 14.0;
				LD_RUNPATH_SEARCH_PATHS = (
					"$(inherited)",
					"@executable_path/Frameworks",
					"@loader_path/Frameworks",
				);
				MARKETING_VERSION = 1.0;
				PRODUCT_BUNDLE_IDENTIFIER = "com.which-villain.dduimTests";
				PRODUCT_NAME = "$(TARGET_NAME)";
				SWIFT_EMIT_LOC_STRINGS = NO;
				SWIFT_VERSION = 5.0;
				TARGETED_DEVICE_FAMILY = "1,2";
				TEST_HOST = "$(BUILT_PRODUCTS_DIR)/dduim.app/dduim";
			};
			name = Release;
		};
		5D5A2087270FA64600D4448F /* Debug */ = {
			isa = XCBuildConfiguration;
			buildSettings = {
				ALWAYS_EMBED_SWIFT_STANDARD_LIBRARIES = YES;
				CODE_SIGN_STYLE = Automatic;
				CURRENT_PROJECT_VERSION = 1;
				DEVELOPMENT_TEAM = 8N7S6W33C4;
				GENERATE_INFOPLIST_FILE = YES;
				LD_RUNPATH_SEARCH_PATHS = (
					"$(inherited)",
					"@executable_path/Frameworks",
					"@loader_path/Frameworks",
				);
				MARKETING_VERSION = 1.0;
				PRODUCT_BUNDLE_IDENTIFIER = "com.which-villain.dduimUITests";
				PRODUCT_NAME = "$(TARGET_NAME)";
				SWIFT_EMIT_LOC_STRINGS = NO;
				SWIFT_VERSION = 5.0;
				TARGETED_DEVICE_FAMILY = "1,2";
				TEST_TARGET_NAME = dduim;
			};
			name = Debug;
		};
		5D5A2088270FA64600D4448F /* Release */ = {
			isa = XCBuildConfiguration;
			buildSettings = {
				ALWAYS_EMBED_SWIFT_STANDARD_LIBRARIES = YES;
				CODE_SIGN_STYLE = Automatic;
				CURRENT_PROJECT_VERSION = 1;
				DEVELOPMENT_TEAM = 8N7S6W33C4;
				GENERATE_INFOPLIST_FILE = YES;
				LD_RUNPATH_SEARCH_PATHS = (
					"$(inherited)",
					"@executable_path/Frameworks",
					"@loader_path/Frameworks",
				);
				MARKETING_VERSION = 1.0;
				PRODUCT_BUNDLE_IDENTIFIER = "com.which-villain.dduimUITests";
				PRODUCT_NAME = "$(TARGET_NAME)";
				SWIFT_EMIT_LOC_STRINGS = NO;
				SWIFT_VERSION = 5.0;
				TARGETED_DEVICE_FAMILY = "1,2";
				TEST_TARGET_NAME = dduim;
			};
			name = Release;
		};
/* End XCBuildConfiguration section */

/* Begin XCConfigurationList section */
		5D5A2057270FA63E00D4448F /* Build configuration list for PBXProject "dduim" */ = {
			isa = XCConfigurationList;
			buildConfigurations = (
				5D5A207E270FA64600D4448F /* Debug */,
				5D5A207F270FA64600D4448F /* Release */,
			);
			defaultConfigurationIsVisible = 0;
			defaultConfigurationName = Release;
		};
		5D5A2080270FA64600D4448F /* Build configuration list for PBXNativeTarget "dduim" */ = {
			isa = XCConfigurationList;
			buildConfigurations = (
				5D5A2081270FA64600D4448F /* Debug */,
				5D5A2082270FA64600D4448F /* Release */,
			);
			defaultConfigurationIsVisible = 0;
			defaultConfigurationName = Release;
		};
		5D5A2083270FA64600D4448F /* Build configuration list for PBXNativeTarget "dduimTests" */ = {
			isa = XCConfigurationList;
			buildConfigurations = (
				5D5A2084270FA64600D4448F /* Debug */,
				5D5A2085270FA64600D4448F /* Release */,
			);
			defaultConfigurationIsVisible = 0;
			defaultConfigurationName = Release;
		};
		5D5A2086270FA64600D4448F /* Build configuration list for PBXNativeTarget "dduimUITests" */ = {
			isa = XCConfigurationList;
			buildConfigurations = (
				5D5A2087270FA64600D4448F /* Debug */,
				5D5A2088270FA64600D4448F /* Release */,
			);
			defaultConfigurationIsVisible = 0;
			defaultConfigurationName = Release;
		};
/* End XCConfigurationList section */
	};
	rootObject = 5D5A2054270FA63E00D4448F /* Project object */;
}
